
Microsoft Visual Studio Solution File, Format Version 12.00
# Visual Studio 2013
VisualStudioVersion = 12.0.30110.0
MinimumVisualStudioVersion = 10.0.40219.1
Project("{8BC9CEB8-8B4A-11D0-8D11-00A0C91BC942}") = "02_AC_Dati", "02_AC_Dati\02_AC_Dati.vcxproj", "{E0B1E930-461B-47B9-9DA5-93EEFEFEBA50}"
EndProject
Global
	GlobalSection(SolutionConfigurationPlatforms) = preSolution
		Debug|Win32 = Debug|Win32
		Release|Win32 = Release|Win32
	EndGlobalSection
	GlobalSection(ProjectConfigurationPlatforms) = postSolution
		{E0B1E930-461B-47B9-9DA5-93EEFEFEBA50}.Debug|Win32.ActiveCfg = Debug|Win32
		{E0B1E930-461B-47B9-9DA5-93EEFEFEBA50}.Debug|Win32.Build.0 = Debug|Win32
		{E0B1E930-461B-47B9-9DA5-93EEFEFEBA50}.Release|Win32.ActiveCfg = Release|Win32
		{E0B1E930-461B-47B9-9DA5-93EEFEFEBA50}.Release|Win32.Build.0 = Release|Win32
	EndGlobalSection
	GlobalSection(SolutionProperties) = preSolution
		HideSolutionNode = FALSE
	EndGlobalSection
EndGlobal
